
Microsoft Visual Studio Solution File, Format Version 12.00
# Visual Studio Version 17
VisualStudioVersion = 17.9.34622.214
MinimumVisualStudioVersion = 10.0.40219.1
Project("{FAE04EC0-301F-11D3-BF4B-00C04F79EFBC}") = "FileShare", "FileShare.csproj", "{F8BC1B85-FF6B-45C0-BAD8-A16D8041AE1C}"
EndProject
Global
	GlobalSection(SolutionConfigurationPlatforms) = preSolution
		Debug|Any CPU = Debug|Any CPU
		Release|Any CPU = Release|Any CPU
	EndGlobalSection
	GlobalSection(ProjectConfigurationPlatforms) = postSolution
		{F8BC1B85-FF6B-45C0-BAD8-A16D8041AE1C}.Debug|Any CPU.ActiveCfg = Debug|Any CPU
		{F8BC1B85-FF6B-45C0-BAD8-A16D8041AE1C}.Debug|Any CPU.Build.0 = Debug|Any CPU
		{F8BC1B85-FF6B-45C0-BAD8-A16D8041AE1C}.Release|Any CPU.ActiveCfg = Release|Any CPU
		{F8BC1B85-FF6B-45C0-BAD8-A16D8041AE1C}.Release|Any CPU.Build.0 = Release|Any CPU
	EndGlobalSection
	GlobalSection(SolutionProperties) = preSolution
		HideSolutionNode = FALSE
	EndGlobalSection
	GlobalSection(ExtensibilityGlobals) = postSolution
		SolutionGuid = {C18D2B2E-53D7-430C-96F9-1FEFEEF3101B}
	EndGlobalSection
EndGlobal
